
Microsoft Visual Studio Solution File, Format Version 12.00
# Visual Studio Version 16
VisualStudioVersion = 16.0.30621.155
MinimumVisualStudioVersion = 10.0.40219.1
Project("{FAE04EC0-301F-11D3-BF4B-00C04F79EFBC}") = "Projet01", "Projet01\Projet01.csproj", "{87260473-DA55-4998-A01B-C88FC1BAB8ED}"
EndProject
Global
	GlobalSection(SolutionConfigurationPlatforms) = preSolution
		Debug|Any CPU = Debug|Any CPU
		Release|Any CPU = Release|Any CPU
	EndGlobalSection
	GlobalSection(ProjectConfigurationPlatforms) = postSolution
		{87260473-DA55-4998-A01B-C88FC1BAB8ED}.Debug|Any CPU.ActiveCfg = Debug|Any CPU
		{87260473-DA55-4998-A01B-C88FC1BAB8ED}.Debug|Any CPU.Build.0 = Debug|Any CPU
		{87260473-DA55-4998-A01B-C88FC1BAB8ED}.Release|Any CPU.ActiveCfg = Release|Any CPU
		{87260473-DA55-4998-A01B-C88FC1BAB8ED}.Release|Any CPU.Build.0 = Release|Any CPU
	EndGlobalSection
	GlobalSection(SolutionProperties) = preSolution
		HideSolutionNode = FALSE
	EndGlobalSection
	GlobalSection(ExtensibilityGlobals) = postSolution
		SolutionGuid = {3045B2D6-09CC-48BE-AF33-DCD0E42217C1}
	EndGlobalSection
EndGlobal
